
Microsoft Visual Studio Solution File, Format Version 12.00
# Visual Studio Version 17
VisualStudioVersion = 17.13.35825.156 d17.13
MinimumVisualStudioVersion = 10.0.40219.1
Project("{54A90642-561A-4BB1-A94E-469ADEE60C69}") = "TsLeetCodeExpress", "TsLeetCodeExpress\TsLeetCodeExpress.esproj", "{3C740E7B-8571-144A-53A2-9D9F99724895}"
EndProject
Global
	GlobalSection(SolutionConfigurationPlatforms) = preSolution
		Debug|Any CPU = Debug|Any CPU
		Release|Any CPU = Release|Any CPU
	EndGlobalSection
	GlobalSection(ProjectConfigurationPlatforms) = postSolution
		{3C740E7B-8571-144A-53A2-9D9F99724895}.Debug|Any CPU.ActiveCfg = Debug|Any CPU
		{3C740E7B-8571-144A-53A2-9D9F99724895}.Debug|Any CPU.Build.0 = Debug|Any CPU
		{3C740E7B-8571-144A-53A2-9D9F99724895}.Debug|Any CPU.Deploy.0 = Debug|Any CPU
		{3C740E7B-8571-144A-53A2-9D9F99724895}.Release|Any CPU.ActiveCfg = Release|Any CPU
		{3C740E7B-8571-144A-53A2-9D9F99724895}.Release|Any CPU.Build.0 = Release|Any CPU
		{3C740E7B-8571-144A-53A2-9D9F99724895}.Release|Any CPU.Deploy.0 = Release|Any CPU
	EndGlobalSection
	GlobalSection(SolutionProperties) = preSolution
		HideSolutionNode = FALSE
	EndGlobalSection
	GlobalSection(ExtensibilityGlobals) = postSolution
		SolutionGuid = {F0C9C731-20C0-4F74-8E82-E4565029E8D3}
	EndGlobalSection
EndGlobal
